
Microsoft Visual Studio Solution File, Format Version 12.00
# Visual Studio Version 16
VisualStudioVersion = 16.0.29609.76
MinimumVisualStudioVersion = 10.0.40219.1
Project("{9A19103F-16F7-4668-BE54-9A1E7A4F7556}") = "ListPool", "ListPool\ListPool.csproj", "{DDD58289-CCA8-4BFF-B8B2-2F00A9103C02}"
EndProject
Project("{9A19103F-16F7-4668-BE54-9A1E7A4F7556}") = "ListPool.UnitTests", "ListPool.UnitTests\ListPool.UnitTests.csproj", "{06551CAE-42A4-4F3A-BD86-AC8E1E0107B6}"
EndProject
Project("{FAE04EC0-301F-11D3-BF4B-00C04F79EFBC}") = "ListPool.Benchmarks", "ListPool.Benchmarks\ListPool.Benchmarks.csproj", "{7FABA590-BBB0-49EE-BF4E-6D236B3FCC7B}"
EndProject
Global
	GlobalSection(SolutionConfigurationPlatforms) = preSolution
		Debug|Any CPU = Debug|Any CPU
		Release|Any CPU = Release|Any CPU
	EndGlobalSection
	GlobalSection(ProjectConfigurationPlatforms) = postSolution
		{DDD58289-CCA8-4BFF-B8B2-2F00A9103C02}.Debug|Any CPU.ActiveCfg = Debug|Any CPU
		{DDD58289-CCA8-4BFF-B8B2-2F00A9103C02}.Debug|Any CPU.Build.0 = Debug|Any CPU
		{DDD58289-CCA8-4BFF-B8B2-2F00A9103C02}.Release|Any CPU.ActiveCfg = Release|Any CPU
		{DDD58289-CCA8-4BFF-B8B2-2F00A9103C02}.Release|Any CPU.Build.0 = Release|Any CPU
		{06551CAE-42A4-4F3A-BD86-AC8E1E0107B6}.Debug|Any CPU.ActiveCfg = Debug|Any CPU
		{06551CAE-42A4-4F3A-BD86-AC8E1E0107B6}.Debug|Any CPU.Build.0 = Debug|Any CPU
		{06551CAE-42A4-4F3A-BD86-AC8E1E0107B6}.Release|Any CPU.ActiveCfg = Release|Any CPU
		{06551CAE-42A4-4F3A-BD86-AC8E1E0107B6}.Release|Any CPU.Build.0 = Release|Any CPU
		{7FABA590-BBB0-49EE-BF4E-6D236B3FCC7B}.Debug|Any CPU.ActiveCfg = Debug|Any CPU
		{7FABA590-BBB0-49EE-BF4E-6D236B3FCC7B}.Debug|Any CPU.Build.0 = Debug|Any CPU
		{7FABA590-BBB0-49EE-BF4E-6D236B3FCC7B}.Release|Any CPU.ActiveCfg = Release|Any CPU
		{7FABA590-BBB0-49EE-BF4E-6D236B3FCC7B}.Release|Any CPU.Build.0 = Release|Any CPU
	EndGlobalSection
	GlobalSection(SolutionProperties) = preSolution
		HideSolutionNode = FALSE
	EndGlobalSection
	GlobalSection(ExtensibilityGlobals) = postSolution
		SolutionGuid = {0B084363-52EB-48E1-8364-94F33A57888A}
	EndGlobalSection
EndGlobal
